// !$*UTF8*$!
{
	archiveVersion = 1;
	classes = {
	};
	objectVersion = 46;
	objects = {

/* Begin PBXBuildFile section */
		F9804D871B5601E800B88D49 /* AppDelegate.swift in Sources */ = {isa = PBXBuildFile; fileRef = F9804D861B5601E800B88D49 /* AppDelegate.swift */; };
		F9804D891B5601E800B88D49 /* ViewController.swift in Sources */ = {isa = PBXBuildFile; fileRef = F9804D881B5601E800B88D49 /* ViewController.swift */; };
		F9804D8C1B5601E800B88D49 /* Main.storyboard in Resources */ = {isa = PBXBuildFile; fileRef = F9804D8A1B5601E800B88D49 /* Main.storyboard */; };
		F9804D8E1B5601E800B88D49 /* Images.xcassets in Resources */ = {isa = PBXBuildFile; fileRef = F9804D8D1B5601E800B88D49 /* Images.xcassets */; };
		F9804D911B5601E800B88D49 /* LaunchScreen.xib in Resources */ = {isa = PBXBuildFile; fileRef = F9804D8F1B5601E800B88D49 /* LaunchScreen.xib */; };
		F9804D9D1B5601E800B88D49 /* DatePickerTests.swift in Sources */ = {isa = PBXBuildFile; fileRef = F9804D9C1B5601E800B88D49 /* DatePickerTests.swift */; };
/* End PBXBuildFile section */

/* Begin PBXContainerItemProxy section */
		F9804D971B5601E800B88D49 /* PBXContainerItemProxy */ = {
			isa = PBXContainerItemProxy;
			containerPortal = F9804D791B5601E800B88D49 /* Project object */;
			proxyType = 1;
			remoteGlobalIDString = F9804D801B5601E800B88D49;
			remoteInfo = DatePicker;
		};
/* End PBXContainerItemProxy section */

/* Begin PBXFileReference section */
		F9804D811B5601E800B88D49 /* DatePicker.app */ = {isa = PBXFileReference; explicitFileType = wrapper.application; includeInIndex = 0; path = DatePicker.app; sourceTree = BUILT_PRODUCTS_DIR; };
		F9804D851B5601E800B88D49 /* Info.plist */ = {isa = PBXFileReference; lastKnownFileType = text.plist.xml; path = Info.plist; sourceTree = "<group>"; };
		F9804D861B5601E800B88D49 /* AppDelegate.swift */ = {isa = PBXFileReference; lastKnownFileType = sourcecode.swift; path = AppDelegate.swift; sourceTree = "<group>"; };
		F9804D881B5601E800B88D49 /* ViewController.swift */ = {isa = PBXFileReference; lastKnownFileType = sourcecode.swift; path = ViewController.swift; sourceTree = "<group>"; };
		F9804D8B1B5601E800B88D49 /* Base */ = {isa = PBXFileReference; lastKnownFileType = file.storyboard; name = Base; path = Base.lproj/Main.storyboard; sourceTree = "<group>"; };
		F9804D8D1B5601E800B88D49 /* Images.xcassets */ = {isa = PBXFileReference; lastKnownFileType = folder.assetcatalog; path = Images.xcassets; sourceTree = "<group>"; };
		F9804D901B5601E800B88D49 /* Base */ = {isa = PBXFileReference; lastKnownFileType = file.xib; name = Base; path = Base.lproj/LaunchScreen.xib; sourceTree = "<group>"; };
		F9804D961B5601E800B88D49 /* DatePickerTests.xctest */ = {isa = PBXFileReference; explicitFileType = wrapper.cfbundle; includeInIndex = 0; path = DatePickerTests.xctest; sourceTree = BUILT_PRODUCTS_DIR; };
		F9804D9B1B5601E800B88D49 /* Info.plist */ = {isa = PBXFileReference; lastKnownFileType = text.plist.xml; path = Info.plist; sourceTree = "<group>"; };
		F9804D9C1B5601E800B88D49 /* DatePickerTests.swift */ = {isa = PBXFileReference; lastKnownFileType = sourcecode.swift; path = DatePickerTests.swift; sourceTree = "<group>"; };
/* End PBXFileReference section */

/* Begin PBXFrameworksBuildPhase section */
		F9804D7E1B5601E800B88D49 /* Frameworks */ = {
			isa = PBXFrameworksBuildPhase;
			buildActionMask = 2147483647;
			files = (
			);
			runOnlyForDeploymentPostprocessing = 0;
		};
		F9804D931B5601E800B88D49 /* Frameworks */ = {
			isa = PBXFrameworksBuildPhase;
			buildActionMask = 2147483647;
			files = (
			);
			runOnlyForDeploymentPostprocessing = 0;
		};
/* End PBXFrameworksBuildPhase section */

/* Begin PBXGroup section */
		F9804D781B5601E800B88D49 = {
			isa = PBXGroup;
			children = (
				F9804D831B5601E800B88D49 /* DatePicker */,
				F9804D991B5601E800B88D49 /* DatePickerTests */,
				F9804D821B5601E800B88D49 /* Products */,
			);
			sourceTree = "<group>";
		};
		F9804D821B5601E800B88D49 /* Products */ = {
			isa = PBXGroup;
			children = (
				F9804D811B5601E800B88D49 /* DatePicker.app */,
				F9804D961B5601E800B88D49 /* DatePickerTests.xctest */,
			);
			name = Products;
			sourceTree = "<group>";
		};
		F9804D831B5601E800B88D49 /* DatePicker */ = {
			isa = PBXGroup;
			children = (
				F9804D861B5601E800B88D49 /* AppDelegate.swift */,
				F9804D881B5601E800B88D49 /* ViewController.swift */,
				F9804D8A1B5601E800B88D49 /* Main.storyboard */,
				F9804D8D1B5601E800B88D49 /* Images.xcassets */,
				F9804D8F1B5601E800B88D49 /* LaunchScreen.xib */,
				F9804D841B5601E800B88D49 /* Supporting Files */,
			);
			path = DatePicker;
			sourceTree = "<group>";
		};
		F9804D841B5601E800B88D49 /* Supporting Files */ = {
			isa = PBXGroup;
			children = (
				F9804D851B5601E800B88D49 /* Info.plist */,
			);
			name = "Supporting Files";
			sourceTree = "<group>";
		};
		F9804D991B5601E800B88D49 /* DatePickerTests */ = {
			isa = PBXGroup;
			children = (
				F9804D9C1B5601E800B88D49 /* DatePickerTests.swift */,
				F9804D9A1B5601E800B88D49 /* Supporting Files */,
			);
			path = DatePickerTests;
			sourceTree = "<group>";
		};
		F9804D9A1B5601E800B88D49 /* Supporting Files */ = {
			isa = PBXGroup;
			children = (
				F9804D9B1B5601E800B88D49 /* Info.plist */,
			);
			name = "Supporting Files";
			sourceTree = "<group>";
		};
/* End PBXGroup section */

/* Begin PBXNativeTarget section */
		F9804D801B5601E800B88D49 /* DatePicker */ = {
			isa = PBXNativeTarget;
			buildConfigurationList = F9804DA01B5601E800B88D49 /* Build configuration list for PBXNativeTarget "DatePicker" */;
			buildPhases = (
				F9804D7D1B5601E800B88D49 /* Sources */,
				F9804D7E1B5601E800B88D49 /* Frameworks */,
				F9804D7F1B5601E800B88D49 /* Resources */,
			);
			buildRules = (
			);
			dependencies = (
			);
			name = DatePicker;
			productName = DatePicker;
			productReference = F9804D811B5601E800B88D49 /* DatePicker.app */;
			productType = "com.apple.product-type.application";
		};
		F9804D951B5601E800B88D49 /* DatePickerTests */ = {
			isa = PBXNativeTarget;
			buildConfigurationList = F9804DA31B5601E800B88D49 /* Build configuration list for PBXNativeTarget "DatePickerTests" */;
			buildPhases = (
				F9804D921B5601E800B88D49 /* Sources */,
				F9804D931B5601E800B88D49 /* Frameworks */,
				F9804D941B5601E800B88D49 /* Resources */,
			);
			buildRules = (
			);
			dependencies = (
				F9804D981B5601E800B88D49 /* PBXTargetDependency */,
			);
			name = DatePickerTests;
			productName = DatePickerTests;
			productReference = F9804D961B5601E800B88D49 /* DatePickerTests.xctest */;
			productType = "com.apple.product-type.bundle.unit-test";
		};
/* End PBXNativeTarget section */

/* Begin PBXProject section */
		F9804D791B5601E800B88D49 /* Project object */ = {
			isa = PBXProject;
			attributes = {
				LastUpgradeCheck = 0640;
				ORGANIZATIONNAME = "Eric Champion";
				TargetAttributes = {
					F9804D801B5601E800B88D49 = {
						CreatedOnToolsVersion = 6.4;
					};
					F9804D951B5601E800B88D49 = {
						CreatedOnToolsVersion = 6.4;
						TestTargetID = F9804D801B5601E800B88D49;
					};
				};
			};
			buildConfigurationList = F9804D7C1B5601E800B88D49 /* Build configuration list for PBXProject "DatePicker" */;
			compatibilityVersion = "Xcode 3.2";
			developmentRegion = English;
			hasScannedForEncodings = 0;
			knownRegions = (
				en,
				Base,
			);
			mainGroup = F9804D781B5601E800B88D49;
			productRefGroup = F9804D821B5601E800B88D49 /* Products */;
			projectDirPath = "";
			projectRoot = "";
			targets = (
				F9804D801B5601E800B88D49 /* DatePicker */,
				F9804D951B5601E800B88D49 /* DatePickerTests */,
			);
		};
/* End PBXProject section */

/* Begin PBXResourcesBuildPhase section */
		F9804D7F1B5601E800B88D49 /* Resources */ = {
			isa = PBXResourcesBuildPhase;
			buildActionMask = 2147483647;
			files = (
				F9804D8C1B5601E800B88D49 /* Main.storyboard in Resources */,
				F9804D911B5601E800B88D49 /* LaunchScreen.xib in Resources */,
				F9804D8E1B5601E800B88D49 /* Images.xcassets in Resources */,
			);
			runOnlyForDeploymentPostprocessing = 0;
		};
		F9804D941B5601E800B88D49 /* Resources */ = {
			isa = PBXResourcesBuildPhase;
			buildActionMask = 2147483647;
			files = (
			);
			runOnlyForDeploymentPostprocessing = 0;
		};
/* End PBXResourcesBuildPhase section */

/* Begin PBXSourcesBuildPhase section */
		F9804D7D1B5601E800B88D49 /* Sources */ = {
			isa = PBXSourcesBuildPhase;
			buildActionMask = 2147483647;
			files = (
				F9804D891B5601E800B88D49 /* ViewController.swift in Sources */,
				F9804D871B5601E800B88D49 /* AppDelegate.swift in Sources */,
			);
			runOnlyForDeploymentPostprocessing = 0;
		};
		F9804D921B5601E800B88D49 /* Sources */ = {
			isa = PBXSourcesBuildPhase;
			buildActionMask = 2147483647;
			files = (
				F9804D9D1B5601E800B88D49 /* DatePickerTests.swift in Sources */,
			);
			runOnlyForDeploymentPostprocessing = 0;
		};
/* End PBXSourcesBuildPhase section */

/* Begin PBXTargetDependency section */
		F9804D981B5601E800B88D49 /* PBXTargetDependency */ = {
			isa = PBXTargetDependency;
			target = F9804D801B5601E800B88D49 /* DatePicker */;
			targetProxy = F9804D971B5601E800B88D49 /* PBXContainerItemProxy */;
		};
/* End PBXTargetDependency section */

/* Begin PBXVariantGroup section */
		F9804D8A1B5601E800B88D49 /* Main.storyboard */ = {
			isa = PBXVariantGroup;
			children = (
				F9804D8B1B5601E800B88D49 /* Base */,
			);
			name = Main.storyboard;
			sourceTree = "<group>";
		};
		F9804D8F1B5601E800B88D49 /* LaunchScreen.xib */ = {
			isa = PBXVariantGroup;
			children = (
				F9804D901B5601E800B88D49 /* Base */,
			);
			name = LaunchScreen.xib;
			sourceTree = "<group>";
		};
/* End PBXVariantGroup section */

/* Begin XCBuildConfiguration section */
		F9804D9E1B5601E800B88D49 /* Debug */ = {
			isa = XCBuildConfiguration;
			buildSettings = {
				ALWAYS_SEARCH_USER_PATHS = NO;
				CLANG_CXX_LANGUAGE_STANDARD = "gnu++0x";
				CLANG_CXX_LIBRARY = "libc++";
				CLANG_ENABLE_MODULES = YES;
				CLANG_ENABLE_OBJC_ARC = YES;
				CLANG_WARN_BOOL_CONVERSION = YES;
				CLANG_WARN_CONSTANT_CONVERSION = YES;
				CLANG_WARN_DIRECT_OBJC_ISA_USAGE = YES_ERROR;
				CLANG_WARN_EMPTY_BODY = YES;
				CLANG_WARN_ENUM_CONVERSION = YES;
				CLANG_WARN_INT_CONVERSION = YES;
				CLANG_WARN_OBJC_ROOT_CLASS = YES_ERROR;
				CLANG_WARN_UNREACHABLE_CODE = YES;
				CLANG_WARN__DUPLICATE_METHOD_MATCH = YES;
				"CODE_SIGN_IDENTITY[sdk=iphoneos*]" = "iPhone Developer";
				COPY_PHASE_STRIP = NO;
				DEBUG_INFORMATION_FORMAT = "dwarf-with-dsym";
				ENABLE_STRICT_OBJC_MSGSEND = YES;
				GCC_C_LANGUAGE_STANDARD = gnu99;
				GCC_DYNAMIC_NO_PIC = NO;
				GCC_NO_COMMON_BLOCKS = YES;
				GCC_OPTIMIZATION_LEVEL = 0;
				GCC_PREPROCESSOR_DEFINITIONS = (
					"DEBUG=1",
					"$(inherited)",
				);
				GCC_SYMBOLS_PRIVATE_EXTERN = NO;
				GCC_WARN_64_TO_32_BIT_CONVERSION = YES;
				GCC_WARN_ABOUT_RETURN_TYPE = YES_ERROR;
				GCC_WARN_UNDECLARED_SELECTOR = YES;
				GCC_WARN_UNINITIALIZED_AUTOS = YES_AGGRESSIVE;
				GCC_WARN_UNUSED_FUNCTION = YES;
				GCC_WARN_UNUSED_VARIABLE = YES;
				IPHONEOS_DEPLOYMENT_TARGET = 8.4;
				MTL_ENABLE_DEBUG_INFO = YES;
				ONLY_ACTIVE_ARCH = YES;
				SDKROOT = iphoneos;
				SWIFT_OPTIMIZATION_LEVEL = "-Onone";
			};
			name = Debug;
		};
		F9804D9F1B5601E800B88D49 /* Release */ = {
			isa = XCBuildConfiguration;
			buildSettings = {
				ALWAYS_SEARCH_USER_PATHS = NO;
				CLANG_CXX_LANGUAGE_STANDARD = "gnu++0x";
				CLANG_CXX_LIBRARY = "libc++";
				CLANG_ENABLE_MODULES = YES;
				CLANG_ENABLE_OBJC_ARC = YES;
				CLANG_WARN_BOOL_CONVERSION = YES;
				CLANG_WARN_CONSTANT_CONVERSION = YES;
				CLANG_WARN_DIRECT_OBJC_ISA_USAGE = YES_ERROR;
				CLANG_WARN_EMPTY_BODY = YES;
				CLANG_WARN_ENUM_CONVERSION = YES;
				CLANG_WARN_INT_CONVERSION = YES;
				CLANG_WARN_OBJC_ROOT_CLASS = YES_ERROR;
				CLANG_WARN_UNREACHABLE_CODE = YES;
				CLANG_WARN__DUPLICATE_METHOD_MATCH = YES;
				"CODE_SIGN_IDENTITY[sdk=iphoneos*]" = "iPhone Developer";
				COPY_PHASE_STRIP = NO;
				DEBUG_INFORMATION_FORMAT = "dwarf-with-dsym";
				ENABLE_NS_ASSERTIONS = NO;
				ENABLE_STRICT_OBJC_MSGSEND = YES;
				GCC_C_LANGUAGE_STANDARD = gnu99;
				GCC_NO_COMMON_BLOCKS = YES;
				GCC_WARN_64_TO_32_BIT_CONVERSION = YES;
				GCC_WARN_ABOUT_RETURN_TYPE = YES_ERROR;
				GCC_WARN_UNDECLARED_SELECTOR = YES;
				GCC_WARN_UNINITIALIZED_AUTOS = YES_AGGRESSIVE;
				GCC_WARN_UNUSED_FUNCTION = YES;
				GCC_WARN_UNUSED_VARIABLE = YES;
				IPHONEOS_DEPLOYMENT_TARGET = 8.4;
				MTL_ENABLE_DEBUG_INFO = NO;
				SDKROOT = iphoneos;
				VALIDATE_PRODUCT = YES;
			};
			name = Release;
		};
		F9804DA11B5601E800B88D49 /* Debug */ = {
			isa = XCBuildConfiguration;
			buildSettings = {
				ASSETCATALOG_COMPILER_APPICON_NAME = AppIcon;
				INFOPLIST_FILE = DatePicker/Info.plist;
				LD_RUNPATH_SEARCH_PATHS = "$(inherited) @executable_path/Frameworks";
				PRODUCT_NAME = "$(TARGET_NAME)";
			};
			name = Debug;
		};
		F9804DA21B5601E800B88D49 /* Release */ = {
			isa = XCBuildConfiguration;
			buildSettings = {
				ASSETCATALOG_COMPILER_APPICON_NAME = AppIcon;
				INFOPLIST_FILE = DatePicker/Info.plist;
				LD_RUNPATH_SEARCH_PATHS = "$(inherited) @executable_path/Frameworks";
				PRODUCT_NAME = "$(TARGET_NAME)";
			};
			name = Release;
		};
		F9804DA41B5601E800B88D49 /* Debug */ = {
			isa = XCBuildConfiguration;
			buildSettings = {
				BUNDLE_LOADER = "$(TEST_HOST)";
				FRAMEWORK_SEARCH_PATHS = (
					"$(SDKROOT)/Developer/Library/Frameworks",
					"$(inherited)",
				);
				GCC_PREPROCESSOR_DEFINITIONS = (
					"DEBUG=1",
					"$(inherited)",
				);
				INFOPLIST_FILE = DatePickerTests/Info.plist;
				LD_RUNPATH_SEARCH_PATHS = "$(inherited) @executable_path/Frameworks @loader_path/Frameworks";
				PRODUCT_NAME = "$(TARGET_NAME)";
				TEST_HOST = "$(BUILT_PRODUCTS_DIR)/DatePicker.app/DatePicker";
			};
			name = Debug;
		};
		F9804DA51B5601E800B88D49 /* Release */ = {
			isa = XCBuildConfiguration;
			buildSettings = {
				BUNDLE_LOADER = "$(TEST_HOST)";
				FRAMEWORK_SEARCH_PATHS = (
					"$(SDKROOT)/Developer/Library/Frameworks",
					"$(inherited)",
				);
				INFOPLIST_FILE = DatePickerTests/Info.plist;
				LD_RUNPATH_SEARCH_PATHS = "$(inherited) @executable_path/Frameworks @loader_path/Frameworks";
				PRODUCT_NAME = "$(TARGET_NAME)";
				TEST_HOST = "$(BUILT_PRODUCTS_DIR)/DatePicker.app/DatePicker";
			};
			name = Release;
		};
/* End XCBuildConfiguration section */

/* Begin XCConfigurationList section */
		F9804D7C1B5601E800B88D49 /* Build configuration list for PBXProject "DatePicker" */ = {
			isa = XCConfigurationList;
			buildConfigurations = (
				F9804D9E1B5601E800B88D49 /* Debug */,
				F9804D9F1B5601E800B88D49 /* Release */,
			);
			defaultConfigurationIsVisible = 0;
			defaultConfigurationName = Release;
		};
		F9804DA01B5601E800B88D49 /* Build configuration list for PBXNativeTarget "DatePicker" */ = {
			isa = XCConfigurationList;
			buildConfigurations = (
				F9804DA11B5601E800B88D49 /* Debug */,
				F9804DA21B5601E800B88D49 /* Release */,
			);
			defaultConfigurationIsVisible = 0;
		};
		F9804DA31B5601E800B88D49 /* Build configuration list for PBXNativeTarget "DatePickerTests" */ = {
			isa = XCConfigurationList;
			buildConfigurations = (
				F9804DA41B5601E800B88D49 /* Debug */,
				F9804DA51B5601E800B88D49 /* Release */,
			);
			defaultConfigurationIsVisible = 0;
		};
/* End XCConfigurationList section */
	};
	rootObject = F9804D791B5601E800B88D49 /* Project object */;
}
